
Microsoft Visual Studio Solution File, Format Version 12.00
# Visual Studio Version 17
VisualStudioVersion = 17.7.34009.444
MinimumVisualStudioVersion = 10.0.40219.1
Project("{2150E333-8FDC-42A3-9474-1A3956D46DE8}") = "01-Host", "01-Host", "{3824040A-7F55-45A5-B822-7CE89476DD55}"
EndProject
Project("{2150E333-8FDC-42A3-9474-1A3956D46DE8}") = "02-Application", "02-Application", "{40A2FC3A-31EA-47BD-9216-529469DD2C8E}"
EndProject
Project("{2150E333-8FDC-42A3-9474-1A3956D46DE8}") = "03-Domain", "03-Domain", "{800762A5-3EC8-4E01-8472-81F9A04C5912}"
EndProject
Project("{2150E333-8FDC-42A3-9474-1A3956D46DE8}") = "04-Infrastructure", "04-Infrastructure", "{DAF1B8B6-3285-4A6C-A091-747CB5EEE961}"
EndProject
Project("{FAE04EC0-301F-11D3-BF4B-00C04F79EFBC}") = "Renet", "Renet\Renet.csproj", "{014EBD81-8279-4BBC-ACDA-7A6EB0C5BF46}"
EndProject
Project("{2150E333-8FDC-42A3-9474-1A3956D46DE8}") = "Command", "Command", "{35B37C70-F049-49CE-A572-AD291B50F1BB}"
EndProject
Project("{2150E333-8FDC-42A3-9474-1A3956D46DE8}") = "Query", "Query", "{B4928DFD-5FF1-408B-ACA9-180BF0E5C508}"
EndProject
Project("{FAE04EC0-301F-11D3-BF4B-00C04F79EFBC}") = "Commands", "Commands\Commands.csproj", "{02139156-C466-49F1-B359-7D67D8E2FC99}"
EndProject
Project("{FAE04EC0-301F-11D3-BF4B-00C04F79EFBC}") = "CommandHandler", "CommandHandler\CommandHandler.csproj", "{A89C108A-0621-4E6B-B741-D5C023BCA739}"
EndProject
Project("{FAE04EC0-301F-11D3-BF4B-00C04F79EFBC}") = "QueryModel", "QueryModel\QueryModel.csproj", "{4BEA8354-3EE7-473C-BBAA-2E93071CD3AE}"
EndProject
Project("{FAE04EC0-301F-11D3-BF4B-00C04F79EFBC}") = "QueryService", "QueryService\QueryService.csproj", "{E537520B-E5B9-415D-8E2C-075CD545B6D7}"
EndProject
Project("{FAE04EC0-301F-11D3-BF4B-00C04F79EFBC}") = "Domain", "Domain\Domain.csproj", "{49F594BE-708E-42DA-916A-2E5C10A308EE}"
EndProject
Project("{FAE04EC0-301F-11D3-BF4B-00C04F79EFBC}") = "Infrastructure", "Infrastructure\Infrastructure.csproj", "{DBF19F06-2361-4082-8E00-7FEBEC489AED}"
EndProject
Project("{FAE04EC0-301F-11D3-BF4B-00C04F79EFBC}") = "Persistance", "Persistance\Persistance.csproj", "{97CC94F4-2DB2-4DEE-A4CB-C6AA45CB0192}"
EndProject
Global
	GlobalSection(SolutionConfigurationPlatforms) = preSolution
		Debug|Any CPU = Debug|Any CPU
		Release|Any CPU = Release|Any CPU
	EndGlobalSection
	GlobalSection(ProjectConfigurationPlatforms) = postSolution
		{014EBD81-8279-4BBC-ACDA-7A6EB0C5BF46}.Debug|Any CPU.ActiveCfg = Debug|Any CPU
		{014EBD81-8279-4BBC-ACDA-7A6EB0C5BF46}.Debug|Any CPU.Build.0 = Debug|Any CPU
		{014EBD81-8279-4BBC-ACDA-7A6EB0C5BF46}.Release|Any CPU.ActiveCfg = Release|Any CPU
		{014EBD81-8279-4BBC-ACDA-7A6EB0C5BF46}.Release|Any CPU.Build.0 = Release|Any CPU
		{02139156-C466-49F1-B359-7D67D8E2FC99}.Debug|Any CPU.ActiveCfg = Debug|Any CPU
		{02139156-C466-49F1-B359-7D67D8E2FC99}.Debug|Any CPU.Build.0 = Debug|Any CPU
		{02139156-C466-49F1-B359-7D67D8E2FC99}.Release|Any CPU.ActiveCfg = Release|Any CPU
		{02139156-C466-49F1-B359-7D67D8E2FC99}.Release|Any CPU.Build.0 = Release|Any CPU
		{A89C108A-0621-4E6B-B741-D5C023BCA739}.Debug|Any CPU.ActiveCfg = Debug|Any CPU
		{A89C108A-0621-4E6B-B741-D5C023BCA739}.Debug|Any CPU.Build.0 = Debug|Any CPU
		{A89C108A-0621-4E6B-B741-D5C023BCA739}.Release|Any CPU.ActiveCfg = Release|Any CPU
		{A89C108A-0621-4E6B-B741-D5C023BCA739}.Release|Any CPU.Build.0 = Release|Any CPU
		{4BEA8354-3EE7-473C-BBAA-2E93071CD3AE}.Debug|Any CPU.ActiveCfg = Debug|Any CPU
		{4BEA8354-3EE7-473C-BBAA-2E93071CD3AE}.Debug|Any CPU.Build.0 = Debug|Any CPU
		{4BEA8354-3EE7-473C-BBAA-2E93071CD3AE}.Release|Any CPU.ActiveCfg = Release|Any CPU
		{4BEA8354-3EE7-473C-BBAA-2E93071CD3AE}.Release|Any CPU.Build.0 = Release|Any CPU
		{E537520B-E5B9-415D-8E2C-075CD545B6D7}.Debug|Any CPU.ActiveCfg = Debug|Any CPU
		{E537520B-E5B9-415D-8E2C-075CD545B6D7}.Debug|Any CPU.Build.0 = Debug|Any CPU
		{E537520B-E5B9-415D-8E2C-075CD545B6D7}.Release|Any CPU.ActiveCfg = Release|Any CPU
		{E537520B-E5B9-415D-8E2C-075CD545B6D7}.Release|Any CPU.Build.0 = Release|Any CPU
		{49F594BE-708E-42DA-916A-2E5C10A308EE}.Debug|Any CPU.ActiveCfg = Debug|Any CPU
		{49F594BE-708E-42DA-916A-2E5C10A308EE}.Debug|Any CPU.Build.0 = Debug|Any CPU
		{49F594BE-708E-42DA-916A-2E5C10A308EE}.Release|Any CPU.ActiveCfg = Release|Any CPU
		{49F594BE-708E-42DA-916A-2E5C10A308EE}.Release|Any CPU.Build.0 = Release|Any CPU
		{DBF19F06-2361-4082-8E00-7FEBEC489AED}.Debug|Any CPU.ActiveCfg = Debug|Any CPU
		{DBF19F06-2361-4082-8E00-7FEBEC489AED}.Debug|Any CPU.Build.0 = Debug|Any CPU
		{DBF19F06-2361-4082-8E00-7FEBEC489AED}.Release|Any CPU.ActiveCfg = Release|Any CPU
		{DBF19F06-2361-4082-8E00-7FEBEC489AED}.Release|Any CPU.Build.0 = Release|Any CPU
		{97CC94F4-2DB2-4DEE-A4CB-C6AA45CB0192}.Debug|Any CPU.ActiveCfg = Debug|Any CPU
		{97CC94F4-2DB2-4DEE-A4CB-C6AA45CB0192}.Debug|Any CPU.Build.0 = Debug|Any CPU
		{97CC94F4-2DB2-4DEE-A4CB-C6AA45CB0192}.Release|Any CPU.ActiveCfg = Release|Any CPU
		{97CC94F4-2DB2-4DEE-A4CB-C6AA45CB0192}.Release|Any CPU.Build.0 = Release|Any CPU
	EndGlobalSection
	GlobalSection(SolutionProperties) = preSolution
		HideSolutionNode = FALSE
	EndGlobalSection
	GlobalSection(NestedProjects) = preSolution
		{014EBD81-8279-4BBC-ACDA-7A6EB0C5BF46} = {3824040A-7F55-45A5-B822-7CE89476DD55}
		{35B37C70-F049-49CE-A572-AD291B50F1BB} = {40A2FC3A-31EA-47BD-9216-529469DD2C8E}
		{B4928DFD-5FF1-408B-ACA9-180BF0E5C508} = {40A2FC3A-31EA-47BD-9216-529469DD2C8E}
		{02139156-C466-49F1-B359-7D67D8E2FC99} = {35B37C70-F049-49CE-A572-AD291B50F1BB}
		{A89C108A-0621-4E6B-B741-D5C023BCA739} = {35B37C70-F049-49CE-A572-AD291B50F1BB}
		{4BEA8354-3EE7-473C-BBAA-2E93071CD3AE} = {B4928DFD-5FF1-408B-ACA9-180BF0E5C508}
		{E537520B-E5B9-415D-8E2C-075CD545B6D7} = {B4928DFD-5FF1-408B-ACA9-180BF0E5C508}
		{49F594BE-708E-42DA-916A-2E5C10A308EE} = {800762A5-3EC8-4E01-8472-81F9A04C5912}
		{DBF19F06-2361-4082-8E00-7FEBEC489AED} = {DAF1B8B6-3285-4A6C-A091-747CB5EEE961}
		{97CC94F4-2DB2-4DEE-A4CB-C6AA45CB0192} = {DAF1B8B6-3285-4A6C-A091-747CB5EEE961}
	EndGlobalSection
	GlobalSection(ExtensibilityGlobals) = postSolution
		SolutionGuid = {AAE73238-A678-4B11-A68B-1305FF1EE445}
	EndGlobalSection
EndGlobal
